// !$*UTF8*$!
{
	archiveVersion = 1;
	classes = {
	};
	objectVersion = 77;
	objects = {

/* Begin PBXBuildFile section */
		5527F77B43F249B9B31CF8E4 /* DownloadTaskRow.swift in Sources */ = {isa = PBXBuildFile; fileRef = 08FA1074DF7D4CF1BA6F0C78 /* DownloadTaskRow.swift */; };
		7876D49725374E5ABA394515 /* AppTermination.swift in Sources */ = {isa = PBXBuildFile; fileRef = D9A3971C5FDB489BB85F1070; };
		60B000000000000000000031 /* MacIntegration.swift in Sources */ = {isa = PBXBuildFile; fileRef = 60A000000000000000000031; };
		60B000000000000000000030 /* FileVerification.swift in Sources */ = {isa = PBXBuildFile; fileRef = 60A000000000000000000030; };
		60B000000000000000000029 /* DownloadRepair.swift in Sources */ = {isa = PBXBuildFile; fileRef = 60A000000000000000000029; };
		60B000000000000000000028 /* BitTorrentManagement.swift in Sources */ = {isa = PBXBuildFile; fileRef = 60A000000000000000000028; };
		60B000000000000000000027 /* DownloadPlanning.swift in Sources */ = {isa = PBXBuildFile; fileRef = 60A000000000000000000027; };
		60B000000000000000000025 /* BrowserCapture.swift in Sources */ = {isa = PBXBuildFile; fileRef = 60A000000000000000000025; };
		60B000000000000000000026 /* BrowserExtension in Resources */ = {isa = PBXBuildFile; fileRef = 60A000000000000000000026; };
		60B000000000000000000024 /* MediaDownloadView.swift in Sources */ = {isa = PBXBuildFile; fileRef = 60A000000000000000000024; };
		60B000000000000000000023 /* MediaDownload.swift in Sources */ = {isa = PBXBuildFile; fileRef = 60A000000000000000000023; };
		60B000000000000000000022 /* DownloadNotifications.swift in Sources */ = {isa = PBXBuildFile; fileRef = 60A000000000000000000022; };
		60B000000000000000000021 /* DownloadImport.swift in Sources */ = {isa = PBXBuildFile; fileRef = 60A000000000000000000021; };
		60B000000000000000000020 /* DownloadTaskState.swift in Sources */ = {isa = PBXBuildFile; fileRef = 60A000000000000000000020; };
		60B00000000000000000001F /* EngineTaskSnapshot.swift in Sources */ = {isa = PBXBuildFile; fileRef = 60A00000000000000000001F; };
		60B00000000000000000001E /* DownloadHistoryStore.swift in Sources */ = {isa = PBXBuildFile; fileRef = 60A00000000000000000001E; };
		60B00000000000000000001C /* DownloadCommands.swift in Sources */ = {isa = PBXBuildFile; fileRef = 60A00000000000000000001C /* DownloadCommands.swift */; };
		60B00000000000000000001D /* AddDownloadView.swift in Sources */ = {isa = PBXBuildFile; fileRef = 60A00000000000000000001D /* AddDownloadView.swift */; };
		60B000000000000000000001 /* Aria2NextEngineController.swift in Sources */ = {isa = PBXBuildFile; fileRef = 60A000000000000000000001 /* Aria2NextEngineController.swift */; };
		60B000000000000000000002 /* Aria2RPCClient.swift in Sources */ = {isa = PBXBuildFile; fileRef = 60A000000000000000000002 /* Aria2RPCClient.swift */; };
		60B000000000000000000003 /* ChopChopApp.swift in Sources */ = {isa = PBXBuildFile; fileRef = 60A000000000000000000003 /* ChopChopApp.swift */; };
		60B000000000000000000004 /* ContentView.swift in Sources */ = {isa = PBXBuildFile; fileRef = 60A000000000000000000004 /* ContentView.swift */; };
		60B000000000000000000005 /* DownloadConsoleView.swift in Sources */ = {isa = PBXBuildFile; fileRef = 60A000000000000000000005 /* DownloadConsoleView.swift */; };
		60B000000000000000000006 /* DownloadStore.swift in Sources */ = {isa = PBXBuildFile; fileRef = 60A000000000000000000006 /* DownloadStore.swift */; };
		60B000000000000000000007 /* LiquidGlassComponents.swift in Sources */ = {isa = PBXBuildFile; fileRef = 60A000000000000000000007 /* LiquidGlassComponents.swift */; };
		60B000000000000000000008 /* MenuBarPanel.swift in Sources */ = {isa = PBXBuildFile; fileRef = 60A000000000000000000008 /* MenuBarPanel.swift */; };
		60B000000000000000000009 /* DownloadModels.swift in Sources */ = {isa = PBXBuildFile; fileRef = 60A000000000000000000009 /* DownloadModels.swift */; };
		60B00000000000000000000A /* PersistentSettingsStore.swift in Sources */ = {isa = PBXBuildFile; fileRef = 60A00000000000000000000A /* PersistentSettingsStore.swift */; };
		60B00000000000000000000B /* PreferencesStore.swift in Sources */ = {isa = PBXBuildFile; fileRef = 60A00000000000000000000B /* PreferencesStore.swift */; };
		60B00000000000000000000D /* SettingsView.swift in Sources */ = {isa = PBXBuildFile; fileRef = 60A00000000000000000000D /* SettingsView.swift */; };
		60B00000000000000000000E /* TaskInspectorView.swift in Sources */ = {isa = PBXBuildFile; fileRef = 60A00000000000000000000E /* TaskInspectorView.swift */; };
		60B00000000000000000000F /* Assets.xcassets in Resources */ = {isa = PBXBuildFile; fileRef = 60A00000000000000000000F /* Assets.xcassets */; };
		60B000000000000000000011 /* Aria2Next-COPYING.txt in Resources */ = {isa = PBXBuildFile; fileRef = 60A000000000000000000012 /* Aria2Next-COPYING.txt */; };
		60B000000000000000000012 /* Aria2Next-NOTICE.txt in Resources */ = {isa = PBXBuildFile; fileRef = 60A000000000000000000013 /* Aria2Next-NOTICE.txt */; };
		60B000000000000000000016 /* EngineInstallation.swift in Sources */ = {isa = PBXBuildFile; fileRef = 60A000000000000000000016 /* EngineInstallation.swift */; };
		60B000000000000000000017 /* EngineSetupView.swift in Sources */ = {isa = PBXBuildFile; fileRef = 60A000000000000000000017 /* EngineSetupView.swift */; };
		60B000000000000000000018 /* EngineRelease.swift in Sources */ = {isa = PBXBuildFile; fileRef = 60A000000000000000000018; };
		61B000000000000000000018 /* EngineRelease.swift in Installer Sources */ = {isa = PBXBuildFile; fileRef = 60A000000000000000000018; };
		60B000000000000000000019 /* EngineDownload.swift in Sources */ = {isa = PBXBuildFile; fileRef = 60A000000000000000000019; };
		61B000000000000000000019 /* EngineDownload.swift in Installer Sources */ = {isa = PBXBuildFile; fileRef = 60A000000000000000000019; };
		60B00000000000000000001A /* EngineInstallerProtocol.swift in Sources */ = {isa = PBXBuildFile; fileRef = 60A00000000000000000001A; };
		61B00000000000000000001A /* EngineInstallerProtocol.swift in Installer Sources */ = {isa = PBXBuildFile; fileRef = 60A00000000000000000001A; };
		60B00000000000000000001B /* EngineInstallerRequest.swift in Sources */ = {isa = PBXBuildFile; fileRef = 60A00000000000000000001B; };

        61B000000000000000000001 /* EngineInstaller.xpc in Embed XPC Services */ = {isa = PBXBuildFile; fileRef = 61A000000000000000000001; settings = {ATTRIBUTES = (CodeSignOnCopy, RemoveHeadersOnCopy, ); }; };
        61B000000000000000000002 /* main.swift in Sources */ = {isa = PBXBuildFile; fileRef = 61A000000000000000000002; };

		62B000000000000000000001 /* AppUpdate.swift in Sources */ = {isa = PBXBuildFile; fileRef = 62A000000000000000000001 /* AppUpdate.swift */; };
		62B000000000000000000002 /* AppSupport.swift in Sources */ = {isa = PBXBuildFile; fileRef = 62A000000000000000000002 /* AppSupport.swift */; };
		62B000000000000000000003 /* NativeControls.swift in Sources */ = {isa = PBXBuildFile; fileRef = 62A000000000000000000003 /* NativeControls.swift */; };
		62B000000000000000000007 /* TorrentFileSelection.swift in Sources */ = {isa = PBXBuildFile; fileRef = 62A000000000000000000007 /* TorrentFileSelection.swift */; };
		62B000000000000000000008 /* TorrentStorage.swift in Sources */ = {isa = PBXBuildFile; fileRef = 62A000000000000000000008 /* TorrentStorage.swift */; };
		62B00000000000000000000A /* TransferDetailsView.swift in Sources */ = {isa = PBXBuildFile; fileRef = 62A00000000000000000000A /* TransferDetailsView.swift */; };
		62B000000000000000000009 /* TransferDetails.swift in Sources */ = {isa = PBXBuildFile; fileRef = 62A000000000000000000009 /* TransferDetails.swift */; };
		62B000000000000000000004 /* Localizable.xcstrings in Resources */ = {isa = PBXBuildFile; fileRef = 62A000000000000000000004 /* Localizable.xcstrings */; };
        62B000000000000000000005 /* AppShortcuts.xcstrings in Resources */ = {isa = PBXBuildFile; fileRef = 62A000000000000000000005; };
        62B000000000000000000006 /* Localizable.xcstrings in Installer */ = {isa = PBXBuildFile; fileRef = 62A000000000000000000004; };
		62B00000000000000000000B /* TaskDetailsPresentation.swift in Sources */ = {isa = PBXBuildFile; fileRef = 62A00000000000000000000B /* TaskDetailsPresentation.swift */; };
		62B00000000000000000000C /* TaskBandwidthView.swift in Sources */ = {isa = PBXBuildFile; fileRef = 62A00000000000000000000C /* TaskBandwidthView.swift */; };
		62B00000000000000000000D /* DownloadArtwork.swift in Sources */ = {isa = PBXBuildFile; fileRef = 62A00000000000000000000D /* DownloadArtwork.swift */; };
		62B000000000000000000010 /* DownloadListPresentation.swift in Sources */ = {isa = PBXBuildFile; fileRef = 62A000000000000000000010 /* DownloadListPresentation.swift */; };
		62B00000000000000000000F /* CommandSearch.swift in Sources */ = {isa = PBXBuildFile; fileRef = 62A00000000000000000000F /* CommandSearch.swift */; };
		62B00000000000000000000E /* DownloadAction.swift in Sources */ = {isa = PBXBuildFile; fileRef = 62A00000000000000000000E /* DownloadAction.swift */; };
		4EA992F4D4F721923FD2606E /* SettingsGeneralPage.swift in Sources */ = {isa = PBXBuildFile; fileRef = 89D6DF6BF01C55B9D4BA354C /* SettingsGeneralPage.swift */; };
		6CCAC4C39BFAC343932013C4 /* SettingsDownloadsPage.swift in Sources */ = {isa = PBXBuildFile; fileRef = 2D78462BCB34FB1D35C32657 /* SettingsDownloadsPage.swift */; };
		FD30D0BC1507D210E79985FD /* SettingsNetworkPage.swift in Sources */ = {isa = PBXBuildFile; fileRef = 1B7ABB9F6651E7173B672A44 /* SettingsNetworkPage.swift */; };
		27B750DE893C4588AC62ED3E /* SettingsBitTorrentPage.swift in Sources */ = {isa = PBXBuildFile; fileRef = 5EB52D4C6EC638349784D07B /* SettingsBitTorrentPage.swift */; };
		EAE1A559FE30E348304DFF49 /* SettingsED2KPage.swift in Sources */ = {isa = PBXBuildFile; fileRef = 70DFCCD191A2D88A14CBDBB9 /* SettingsED2KPage.swift */; };
		D1F5E781D3A8E6F2DA334E86 /* SettingsIntegrationsPage.swift in Sources */ = {isa = PBXBuildFile; fileRef = A535E717D334750D52C58372 /* SettingsIntegrationsPage.swift */; };
		172760A8B9385AC8C8585AEF /* SettingsEnginePage.swift in Sources */ = {isa = PBXBuildFile; fileRef = BF2DAA41DBE251468A12E017 /* SettingsEnginePage.swift */; };
		8F935B7C513893269CFFA0BD /* SettingsTrackerEditors.swift in Sources */ = {isa = PBXBuildFile; fileRef = EB60F50300208130EDB1425E /* SettingsTrackerEditors.swift */; };
		7F86A90198316EE9994C3820 /* SettingsControls.swift in Sources */ = {isa = PBXBuildFile; fileRef = 9ACA212227CC5DCAFB9A2F52 /* SettingsControls.swift */; };
		0048CD96A4DE07CCA4072EED /* SettingsSearch.swift in Sources */ = {isa = PBXBuildFile; fileRef = 3EECC66651144655627C2375 /* SettingsSearch.swift */; };
		12049B2E5A1F41A4EB4586C6 /* DownloadBatchOperations.swift in Sources */ = {isa = PBXBuildFile; fileRef = 857DA7D02BF9C4668EBF1618 /* DownloadBatchOperations.swift */; };
		2A60AD5B9C856CD7D2E9EF54 /* DownloadFilesTable.swift in Sources */ = {isa = PBXBuildFile; fileRef = 9A93FAFB0B164A3C9A45B99C /* DownloadFilesTable.swift */; };
		67BB3B5D6E4D5FBB55E4F05A /* TransferTables.swift in Sources */ = {isa = PBXBuildFile; fileRef = FF4701EC39AD6F418C3B40C4 /* TransferTables.swift */; };
		0E77091281BC3B3D0C69A11B /* DownloadRefreshPolicy.swift in Sources */ = {isa = PBXBuildFile; fileRef = 3D503D4A641B97055FF4318C /* DownloadRefreshPolicy.swift */; };
		D92A6D0B6820C11D573006C8 /* DownloadStorePlanning.swift in Sources */ = {isa = PBXBuildFile; fileRef = A47E6FD0BD9CB800ED2B0EC1 /* DownloadStorePlanning.swift */; };
		F422CEE44ADA8C39CB2037A5 /* DownloadStoreTaskOperations.swift in Sources */ = {isa = PBXBuildFile; fileRef = 2CF316FE3A79238BFCBA0D8D /* DownloadStoreTaskOperations.swift */; };
		72663A2B0BD941B712C4188B /* DownloadStoreEngineSync.swift in Sources */ = {isa = PBXBuildFile; fileRef = EBAB301B3BDC86719EE8BD7D /* DownloadStoreEngineSync.swift */; };
		695CF38777BD466C0952E7DA /* WindowVisibility.swift in Sources */ = {isa = PBXBuildFile; fileRef = 68196A796BB4580AAD7B58D2 /* WindowVisibility.swift */; };
        2C0D36F507C77FA6113413E5 /* AppVersion.swift in Sources */ = {isa = PBXBuildFile; fileRef = 303275FC1DD200876C7BE606; };
        1D65E17D1CD0B497B3574C67 /* AppVersion.swift in Installer */ = {isa = PBXBuildFile; fileRef = 303275FC1DD200876C7BE606; };
        0CBA21600A42CCD454CC6B6B /* AppUpdatePackage.swift in Sources */ = {isa = PBXBuildFile; fileRef = D8EB8CA38CFBC2E60FEA9FC2; };
        0D63C8C95F256AEADFB2110C /* AppUpdatePackage.swift in Installer */ = {isa = PBXBuildFile; fileRef = D8EB8CA38CFBC2E60FEA9FC2; };
        8CB3898C4A60D11937170F1E /* AppUpdateTransfer.swift in Sources */ = {isa = PBXBuildFile; fileRef = D5EAEAD975B8ABABA90C2B35; };
        4A7C18EE79E1349B294C78B3 /* AppUpdateTransfer.swift in Installer */ = {isa = PBXBuildFile; fileRef = D5EAEAD975B8ABABA90C2B35; };
        93A9EE4DF0628F74D1FE11CF /* AppUpdateInstallation.swift in Sources */ = {isa = PBXBuildFile; fileRef = F73985738D92B8BBE3800806; };
        4D69CE29799D93126E8D8EE0 /* AppUpdateInstallation.swift in Installer */ = {isa = PBXBuildFile; fileRef = F73985738D92B8BBE3800806; };
        AC595A69A2E4E7D3BF9AFC36 /* AppUpdateInstallerRequest.swift in Sources */ = {isa = PBXBuildFile; fileRef = ACB35025290A108E07605E5B; };
        2A64A742D2243F91D1B2B04F /* AppUpdateWindow.swift in Sources */ = {isa = PBXBuildFile; fileRef = D8A617A827D1C8561C818C23; };
		63B000000000000000000001 /* AppUpdateRecovery.swift in Sources */ = {isa = PBXBuildFile; fileRef = 63A000000000000000000001; };
		63B000000000000000000002 /* ReleaseNotesView.swift in Sources */ = {isa = PBXBuildFile; fileRef = 63A000000000000000000002; };
		7A1000000000000000000003 /* ReleaseConfiguration.swift in Sources */ = {isa = PBXBuildFile; fileRef = 7A1000000000000000000002; };
		7A1000000000000000000004 /* ReleaseConfiguration.swift in Installer */ = {isa = PBXBuildFile; fileRef = 7A1000000000000000000002; };
		40BFA27246FD3D214420A802 /* AppUpdateStorage.swift in Sources */ = {isa = PBXBuildFile; fileRef = 484EFB6FA794CF1BFA576826; };
		DA2A0963BF526E5A60FC7745 /* AppUpdateStorage.swift in Installer */ = {isa = PBXBuildFile; fileRef = 484EFB6FA794CF1BFA576826; };
		A175720089E921B385121D07 /* DownloadDraft.swift in Sources */ = {isa = PBXBuildFile; fileRef = 40B5AD100FBD6DD9CB6E1DE8; };
		97DE5A780D3460FEFDC353CB /* DownloadFileRemoval.swift in Sources */ = {isa = PBXBuildFile; fileRef = 950717603D7CBAFFF2D818CD; };
		3774CB1BD49D848FF890BB5A /* DownloadPowerAssertion.swift in Sources */ = {isa = PBXBuildFile; fileRef = BDB0B9E0CA026AFBC68DA14A; };
		C207F691B8313D54825C5010 /* DownloadTaskRPCOperations.swift in Sources */ = {isa = PBXBuildFile; fileRef = 1DAEA1F5B8D6162EC40294AF; };
		2B6EEB6CA63DE847BF5496BF /* ED2KBootstrap.swift in Sources */ = {isa = PBXBuildFile; fileRef = 72E9715BEB92E38EA0C56495; };
		E05D5979B4BFC346E499EE84 /* ED2KSearch.swift in Sources */ = {isa = PBXBuildFile; fileRef = 1AB3ECA4808B67F71EC830B8; };
		9F6EF1541ADAF65093DDADA4 /* EngineSettings.swift in Sources */ = {isa = PBXBuildFile; fileRef = 1518269501B7EA854FC0DCEA; };
		17D6FB1DD35E0B66A265D77F /* EngineStorage.swift in Sources */ = {isa = PBXBuildFile; fileRef = B04333FF7EEFC805EF3900EA; };
		538CF9A2B00BCAB93D7A42DF /* EngineStorage.swift in Installer */ = {isa = PBXBuildFile; fileRef = B04333FF7EEFC805EF3900EA; };
		5374D0F3E4845DD88C29EDFA /* Formatting.swift in Sources */ = {isa = PBXBuildFile; fileRef = EC35ABCB1CAD112C27004C69; };
		D87ADD8B183BE11642EA6A98 /* SystemProxy.swift in Sources */ = {isa = PBXBuildFile; fileRef = C2F6500A5A99BD2AA287504D; };
		ED42E71969ED8D6CB29A72B6 /* TrackerSources.swift in Sources */ = {isa = PBXBuildFile; fileRef = 8C5702EAC90E093CBBBB510A; };
/* End PBXBuildFile section */

/* Begin PBXContainerItemProxy section */
		59DBECAD2FCFE0DA005075E1 /* PBXContainerItemProxy */ = {
			isa = PBXContainerItemProxy;
			containerPortal = 59DBEC972FCFE0DA005075E1 /* Project object */;
			proxyType = 1;
			remoteGlobalIDString = 59DBEC9E2FCFE0DA005075E1;
			remoteInfo = ChopChop;
		};
		59DBECB72FCFE0DA005075E1 /* PBXContainerItemProxy */ = {
			isa = PBXContainerItemProxy;
			containerPortal = 59DBEC972FCFE0DA005075E1 /* Project object */;
			proxyType = 1;
			remoteGlobalIDString = 59DBEC9E2FCFE0DA005075E1;
			remoteInfo = ChopChop;
		};

        61E000000000000000000001 = {isa = PBXContainerItemProxy; containerPortal = 59DBEC972FCFE0DA005075E1; proxyType = 1; remoteGlobalIDString = 61F000000000000000000001; remoteInfo = EngineInstaller; };

/* End PBXContainerItemProxy section */

/* Begin PBXCopyFilesBuildPhase section */

        61D000000000000000000001 /* Embed XPC Services */ = {isa = PBXCopyFilesBuildPhase; buildActionMask = 2147483647; dstPath = Contents/XPCServices; dstSubfolderSpec = 1; files = (61B000000000000000000001, ); name = "Embed XPC Services"; runOnlyForDeploymentPostprocessing = 0; };

/* End PBXCopyFilesBuildPhase section */

/* Begin PBXFileReference section */
		08FA1074DF7D4CF1BA6F0C78 /* DownloadTaskRow.swift */ = {isa = PBXFileReference; lastKnownFileType = sourcecode.swift; path = DownloadTaskRow.swift; sourceTree = "<group>"; };
		D9A3971C5FDB489BB85F1070 /* AppTermination.swift */ = {isa = PBXFileReference; lastKnownFileType = sourcecode.swift; path = AppTermination.swift; sourceTree = "<group>"; };
		60A000000000000000000031 /* MacIntegration.swift */ = {isa = PBXFileReference; lastKnownFileType = sourcecode.swift; path = MacIntegration.swift; sourceTree = "<group>"; };
		60A000000000000000000030 /* FileVerification.swift */ = {isa = PBXFileReference; lastKnownFileType = sourcecode.swift; path = FileVerification.swift; sourceTree = "<group>"; };
		60A000000000000000000029 /* DownloadRepair.swift */ = {isa = PBXFileReference; lastKnownFileType = sourcecode.swift; path = DownloadRepair.swift; sourceTree = "<group>"; };
		60A000000000000000000028 /* BitTorrentManagement.swift */ = {isa = PBXFileReference; lastKnownFileType = sourcecode.swift; path = BitTorrentManagement.swift; sourceTree = "<group>"; };
		60A000000000000000000027 /* DownloadPlanning.swift */ = {isa = PBXFileReference; lastKnownFileType = sourcecode.swift; path = DownloadPlanning.swift; sourceTree = "<group>"; };
		60A000000000000000000025 /* BrowserCapture.swift */ = {isa = PBXFileReference; lastKnownFileType = sourcecode.swift; path = BrowserCapture.swift; sourceTree = "<group>"; };
		60A000000000000000000026 /* BrowserExtension */ = {isa = PBXFileReference; lastKnownFileType = folder; path = BrowserExtension; sourceTree = SOURCE_ROOT; };
		60A000000000000000000024 /* MediaDownloadView.swift */ = {isa = PBXFileReference; lastKnownFileType = sourcecode.swift; path = MediaDownloadView.swift; sourceTree = "<group>"; };
		60A000000000000000000023 /* MediaDownload.swift */ = {isa = PBXFileReference; lastKnownFileType = sourcecode.swift; path = MediaDownload.swift; sourceTree = "<group>"; };
		60A000000000000000000022 /* DownloadNotifications.swift */ = {isa = PBXFileReference; lastKnownFileType = sourcecode.swift; path = DownloadNotifications.swift; sourceTree = "<group>"; };
		60A000000000000000000021 /* DownloadImport.swift */ = {isa = PBXFileReference; lastKnownFileType = sourcecode.swift; path = DownloadImport.swift; sourceTree = "<group>"; };
		60A000000000000000000020 /* DownloadTaskState.swift */ = {isa = PBXFileReference; lastKnownFileType = sourcecode.swift; path = DownloadTaskState.swift; sourceTree = "<group>"; };
		60A00000000000000000001F /* EngineTaskSnapshot.swift */ = {isa = PBXFileReference; lastKnownFileType = sourcecode.swift; path = EngineTaskSnapshot.swift; sourceTree = "<group>"; };
		60A00000000000000000001E /* DownloadHistoryStore.swift */ = {isa = PBXFileReference; lastKnownFileType = sourcecode.swift; path = DownloadHistoryStore.swift; sourceTree = "<group>"; };
		60A00000000000000000001C /* DownloadCommands.swift */ = {isa = PBXFileReference; lastKnownFileType = sourcecode.swift; path = DownloadCommands.swift; sourceTree = "<group>"; };
		60A00000000000000000001D /* AddDownloadView.swift */ = {isa = PBXFileReference; lastKnownFileType = sourcecode.swift; path = AddDownloadView.swift; sourceTree = "<group>"; };
		59DBEC9F2FCFE0DA005075E1 /* ChopChop.app */ = {isa = PBXFileReference; explicitFileType = wrapper.application; includeInIndex = 0; path = ChopChop.app; sourceTree = BUILT_PRODUCTS_DIR; };
		59DBECAC2FCFE0DA005075E1 /* ChopChopTests.xctest */ = {isa = PBXFileReference; explicitFileType = wrapper.cfbundle; includeInIndex = 0; path = ChopChopTests.xctest; sourceTree = BUILT_PRODUCTS_DIR; };
		59DBECB62FCFE0DA005075E1 /* ChopChopUITests.xctest */ = {isa = PBXFileReference; explicitFileType = wrapper.cfbundle; includeInIndex = 0; path = ChopChopUITests.xctest; sourceTree = BUILT_PRODUCTS_DIR; };
		60A000000000000000000001 /* Aria2NextEngineController.swift */ = {isa = PBXFileReference; lastKnownFileType = sourcecode.swift; path = Aria2NextEngineController.swift; sourceTree = "<group>"; };
		60A000000000000000000002 /* Aria2RPCClient.swift */ = {isa = PBXFileReference; lastKnownFileType = sourcecode.swift; path = Aria2RPCClient.swift; sourceTree = "<group>"; };
		60A000000000000000000003 /* ChopChopApp.swift */ = {isa = PBXFileReference; lastKnownFileType = sourcecode.swift; path = ChopChopApp.swift; sourceTree = "<group>"; };
		60A000000000000000000004 /* ContentView.swift */ = {isa = PBXFileReference; lastKnownFileType = sourcecode.swift; path = ContentView.swift; sourceTree = "<group>"; };
		60A000000000000000000005 /* DownloadConsoleView.swift */ = {isa = PBXFileReference; lastKnownFileType = sourcecode.swift; path = DownloadConsoleView.swift; sourceTree = "<group>"; };
		60A000000000000000000006 /* DownloadStore.swift */ = {isa = PBXFileReference; lastKnownFileType = sourcecode.swift; path = DownloadStore.swift; sourceTree = "<group>"; };
		60A000000000000000000007 /* LiquidGlassComponents.swift */ = {isa = PBXFileReference; lastKnownFileType = sourcecode.swift; path = LiquidGlassComponents.swift; sourceTree = "<group>"; };
		60A000000000000000000008 /* MenuBarPanel.swift */ = {isa = PBXFileReference; lastKnownFileType = sourcecode.swift; path = MenuBarPanel.swift; sourceTree = "<group>"; };
		60A000000000000000000009 /* DownloadModels.swift */ = {isa = PBXFileReference; lastKnownFileType = sourcecode.swift; path = DownloadModels.swift; sourceTree = "<group>"; };
		60A00000000000000000000A /* PersistentSettingsStore.swift */ = {isa = PBXFileReference; lastKnownFileType = sourcecode.swift; path = PersistentSettingsStore.swift; sourceTree = "<group>"; };
		60A00000000000000000000B /* PreferencesStore.swift */ = {isa = PBXFileReference; lastKnownFileType = sourcecode.swift; path = PreferencesStore.swift; sourceTree = "<group>"; };
		60A00000000000000000000D /* SettingsView.swift */ = {isa = PBXFileReference; lastKnownFileType = sourcecode.swift; path = SettingsView.swift; sourceTree = "<group>"; };
		60A00000000000000000000E /* TaskInspectorView.swift */ = {isa = PBXFileReference; lastKnownFileType = sourcecode.swift; path = TaskInspectorView.swift; sourceTree = "<group>"; };
		60A00000000000000000000F /* Assets.xcassets */ = {isa = PBXFileReference; lastKnownFileType = folder.assetcatalog; path = Assets.xcassets; sourceTree = "<group>"; };
		60A000000000000000000014 /* Info.plist */ = {isa = PBXFileReference; lastKnownFileType = text.plist.xml; path = Info.plist; sourceTree = "<group>"; };
		60A000000000000000000012 /* Aria2Next-COPYING.txt */ = {isa = PBXFileReference; lastKnownFileType = text; path = "Aria2Next-COPYING.txt"; sourceTree = "<group>"; };
		60A000000000000000000013 /* Aria2Next-NOTICE.txt */ = {isa = PBXFileReference; lastKnownFileType = text; path = "Aria2Next-NOTICE.txt"; sourceTree = "<group>"; };
		60A000000000000000000016 /* EngineInstallation.swift */ = {isa = PBXFileReference; lastKnownFileType = sourcecode.swift; path = EngineInstallation.swift; sourceTree = "<group>"; };
		60A000000000000000000017 /* EngineSetupView.swift */ = {isa = PBXFileReference; lastKnownFileType = sourcecode.swift; path = EngineSetupView.swift; sourceTree = "<group>"; };
		60A000000000000000000018 /* EngineRelease.swift */ = {isa = PBXFileReference; lastKnownFileType = sourcecode.swift; path = EngineRelease.swift; sourceTree = "<group>"; };
		60A000000000000000000019 /* EngineDownload.swift */ = {isa = PBXFileReference; lastKnownFileType = sourcecode.swift; path = EngineDownload.swift; sourceTree = "<group>"; };
		60A00000000000000000001A /* EngineInstallerProtocol.swift */ = {isa = PBXFileReference; lastKnownFileType = sourcecode.swift; path = EngineInstallerProtocol.swift; sourceTree = "<group>"; };
		60A00000000000000000001B /* EngineInstallerRequest.swift */ = {isa = PBXFileReference; lastKnownFileType = sourcecode.swift; path = EngineInstallerRequest.swift; sourceTree = "<group>"; };

        61A000000000000000000001 /* EngineInstaller.xpc */ = {isa = PBXFileReference; explicitFileType = "wrapper.xpc-service"; includeInIndex = 0; path = EngineInstaller.xpc; sourceTree = BUILT_PRODUCTS_DIR; };
        61A000000000000000000002 /* main.swift */ = {isa = PBXFileReference; lastKnownFileType = sourcecode.swift; path = EngineInstaller/main.swift; sourceTree = SOURCE_ROOT; };
        61A000000000000000000003 /* Info.plist */ = {isa = PBXFileReference; lastKnownFileType = text.plist.xml; path = EngineInstaller/Info.plist; sourceTree = SOURCE_ROOT; };

		62A000000000000000000001 /* AppUpdate.swift */ = {isa = PBXFileReference; lastKnownFileType = sourcecode.swift; path = AppUpdate.swift; sourceTree = "<group>"; };
		62A000000000000000000002 /* AppSupport.swift */ = {isa = PBXFileReference; lastKnownFileType = sourcecode.swift; path = AppSupport.swift; sourceTree = "<group>"; };
		62A000000000000000000003 /* NativeControls.swift */ = {isa = PBXFileReference; lastKnownFileType = sourcecode.swift; path = NativeControls.swift; sourceTree = "<group>"; };
		62A000000000000000000007 /* TorrentFileSelection.swift */ = {isa = PBXFileReference; lastKnownFileType = sourcecode.swift; path = TorrentFileSelection.swift; sourceTree = "<group>"; };
		62A000000000000000000008 /* TorrentStorage.swift */ = {isa = PBXFileReference; lastKnownFileType = sourcecode.swift; path = TorrentStorage.swift; sourceTree = "<group>"; };
		62A00000000000000000000A /* TransferDetailsView.swift */ = {isa = PBXFileReference; lastKnownFileType = sourcecode.swift; path = TransferDetailsView.swift; sourceTree = "<group>"; };
		62A000000000000000000009 /* TransferDetails.swift */ = {isa = PBXFileReference; lastKnownFileType = sourcecode.swift; path = TransferDetails.swift; sourceTree = "<group>"; };
		62A000000000000000000004 /* Localizable.xcstrings */ = {isa = PBXFileReference; lastKnownFileType = text.json.xcstrings; path = Localizable.xcstrings; sourceTree = "<group>"; };
        62A000000000000000000005 /* AppShortcuts.xcstrings */ = {isa = PBXFileReference; lastKnownFileType = text.json.xcstrings; path = AppShortcuts.xcstrings; sourceTree = "<group>"; };
		62A00000000000000000000B /* TaskDetailsPresentation.swift */ = {isa = PBXFileReference; lastKnownFileType = sourcecode.swift; path = TaskDetailsPresentation.swift; sourceTree = "<group>"; };
		62A00000000000000000000C /* TaskBandwidthView.swift */ = {isa = PBXFileReference; lastKnownFileType = sourcecode.swift; path = TaskBandwidthView.swift; sourceTree = "<group>"; };
		62A00000000000000000000D /* DownloadArtwork.swift */ = {isa = PBXFileReference; lastKnownFileType = sourcecode.swift; path = DownloadArtwork.swift; sourceTree = "<group>"; };
		62A000000000000000000010 /* DownloadListPresentation.swift */ = {isa = PBXFileReference; lastKnownFileType = sourcecode.swift; path = DownloadListPresentation.swift; sourceTree = "<group>"; };
		62A00000000000000000000F /* CommandSearch.swift */ = {isa = PBXFileReference; lastKnownFileType = sourcecode.swift; path = CommandSearch.swift; sourceTree = "<group>"; };
		62A00000000000000000000E /* DownloadAction.swift */ = {isa = PBXFileReference; lastKnownFileType = sourcecode.swift; path = DownloadAction.swift; sourceTree = "<group>"; };
		89D6DF6BF01C55B9D4BA354C /* SettingsGeneralPage.swift */ = {isa = PBXFileReference; lastKnownFileType = sourcecode.swift; path = SettingsGeneralPage.swift; sourceTree = "<group>"; };
		2D78462BCB34FB1D35C32657 /* SettingsDownloadsPage.swift */ = {isa = PBXFileReference; lastKnownFileType = sourcecode.swift; path = SettingsDownloadsPage.swift; sourceTree = "<group>"; };
		1B7ABB9F6651E7173B672A44 /* SettingsNetworkPage.swift */ = {isa = PBXFileReference; lastKnownFileType = sourcecode.swift; path = SettingsNetworkPage.swift; sourceTree = "<group>"; };
		5EB52D4C6EC638349784D07B /* SettingsBitTorrentPage.swift */ = {isa = PBXFileReference; lastKnownFileType = sourcecode.swift; path = SettingsBitTorrentPage.swift; sourceTree = "<group>"; };
		70DFCCD191A2D88A14CBDBB9 /* SettingsED2KPage.swift */ = {isa = PBXFileReference; lastKnownFileType = sourcecode.swift; path = SettingsED2KPage.swift; sourceTree = "<group>"; };
		A535E717D334750D52C58372 /* SettingsIntegrationsPage.swift */ = {isa = PBXFileReference; lastKnownFileType = sourcecode.swift; path = SettingsIntegrationsPage.swift; sourceTree = "<group>"; };
		BF2DAA41DBE251468A12E017 /* SettingsEnginePage.swift */ = {isa = PBXFileReference; lastKnownFileType = sourcecode.swift; path = SettingsEnginePage.swift; sourceTree = "<group>"; };
		EB60F50300208130EDB1425E /* SettingsTrackerEditors.swift */ = {isa = PBXFileReference; lastKnownFileType = sourcecode.swift; path = SettingsTrackerEditors.swift; sourceTree = "<group>"; };
		9ACA212227CC5DCAFB9A2F52 /* SettingsControls.swift */ = {isa = PBXFileReference; lastKnownFileType = sourcecode.swift; path = SettingsControls.swift; sourceTree = "<group>"; };
		3EECC66651144655627C2375 /* SettingsSearch.swift */ = {isa = PBXFileReference; lastKnownFileType = sourcecode.swift; path = SettingsSearch.swift; sourceTree = "<group>"; };
		857DA7D02BF9C4668EBF1618 /* DownloadBatchOperations.swift */ = {isa = PBXFileReference; lastKnownFileType = sourcecode.swift; path = DownloadBatchOperations.swift; sourceTree = "<group>"; };
		9A93FAFB0B164A3C9A45B99C /* DownloadFilesTable.swift */ = {isa = PBXFileReference; lastKnownFileType = sourcecode.swift; path = DownloadFilesTable.swift; sourceTree = "<group>"; };
		FF4701EC39AD6F418C3B40C4 /* TransferTables.swift */ = {isa = PBXFileReference; lastKnownFileType = sourcecode.swift; path = TransferTables.swift; sourceTree = "<group>"; };
		3D503D4A641B97055FF4318C /* DownloadRefreshPolicy.swift */ = {isa = PBXFileReference; lastKnownFileType = sourcecode.swift; path = DownloadRefreshPolicy.swift; sourceTree = "<group>"; };
		A47E6FD0BD9CB800ED2B0EC1 /* DownloadStorePlanning.swift */ = {isa = PBXFileReference; lastKnownFileType = sourcecode.swift; path = DownloadStorePlanning.swift; sourceTree = "<group>"; };
		2CF316FE3A79238BFCBA0D8D /* DownloadStoreTaskOperations.swift */ = {isa = PBXFileReference; lastKnownFileType = sourcecode.swift; path = DownloadStoreTaskOperations.swift; sourceTree = "<group>"; };
		EBAB301B3BDC86719EE8BD7D /* DownloadStoreEngineSync.swift */ = {isa = PBXFileReference; lastKnownFileType = sourcecode.swift; path = DownloadStoreEngineSync.swift; sourceTree = "<group>"; };
		68196A796BB4580AAD7B58D2 /* WindowVisibility.swift */ = {isa = PBXFileReference; lastKnownFileType = sourcecode.swift; path = WindowVisibility.swift; sourceTree = "<group>"; };
        303275FC1DD200876C7BE606 /* AppVersion.swift */ = {isa = PBXFileReference; lastKnownFileType = sourcecode.swift; path = AppVersion.swift; sourceTree = "<group>"; };
        D8EB8CA38CFBC2E60FEA9FC2 /* AppUpdatePackage.swift */ = {isa = PBXFileReference; lastKnownFileType = sourcecode.swift; path = AppUpdatePackage.swift; sourceTree = "<group>"; };
        D5EAEAD975B8ABABA90C2B35 /* AppUpdateTransfer.swift */ = {isa = PBXFileReference; lastKnownFileType = sourcecode.swift; path = AppUpdateTransfer.swift; sourceTree = "<group>"; };
        F73985738D92B8BBE3800806 /* AppUpdateInstallation.swift */ = {isa = PBXFileReference; lastKnownFileType = sourcecode.swift; path = AppUpdateInstallation.swift; sourceTree = "<group>"; };
        ACB35025290A108E07605E5B /* AppUpdateInstallerRequest.swift */ = {isa = PBXFileReference; lastKnownFileType = sourcecode.swift; path = AppUpdateInstallerRequest.swift; sourceTree = "<group>"; };
        D8A617A827D1C8561C818C23 /* AppUpdateWindow.swift */ = {isa = PBXFileReference; lastKnownFileType = sourcecode.swift; path = AppUpdateWindow.swift; sourceTree = "<group>"; };
		63A000000000000000000001 /* AppUpdateRecovery.swift */ = {isa = PBXFileReference; lastKnownFileType = sourcecode.swift; path = AppUpdateRecovery.swift; sourceTree = "<group>"; };
		63A000000000000000000002 /* ReleaseNotesView.swift */ = {isa = PBXFileReference; lastKnownFileType = sourcecode.swift; path = ReleaseNotesView.swift; sourceTree = "<group>"; };
		7A1000000000000000000001 /* Release.xcconfig */ = {isa = PBXFileReference; lastKnownFileType = text.xcconfig; path = Configuration/Release.xcconfig; sourceTree = SOURCE_ROOT; };
		7A1000000000000000000002 /* ReleaseConfiguration.swift */ = {isa = PBXFileReference; lastKnownFileType = sourcecode.swift; path = ReleaseConfiguration.swift; sourceTree = "<group>"; };
		484EFB6FA794CF1BFA576826 /* AppUpdateStorage.swift */ = {isa = PBXFileReference; lastKnownFileType = sourcecode.swift; path = AppUpdateStorage.swift; sourceTree = "<group>"; };
		40B5AD100FBD6DD9CB6E1DE8 /* DownloadDraft.swift */ = {isa = PBXFileReference; lastKnownFileType = sourcecode.swift; path = DownloadDraft.swift; sourceTree = "<group>"; };
		950717603D7CBAFFF2D818CD /* DownloadFileRemoval.swift */ = {isa = PBXFileReference; lastKnownFileType = sourcecode.swift; path = DownloadFileRemoval.swift; sourceTree = "<group>"; };
		BDB0B9E0CA026AFBC68DA14A /* DownloadPowerAssertion.swift */ = {isa = PBXFileReference; lastKnownFileType = sourcecode.swift; path = DownloadPowerAssertion.swift; sourceTree = "<group>"; };
		1DAEA1F5B8D6162EC40294AF /* DownloadTaskRPCOperations.swift */ = {isa = PBXFileReference; lastKnownFileType = sourcecode.swift; path = DownloadTaskRPCOperations.swift; sourceTree = "<group>"; };
		72E9715BEB92E38EA0C56495 /* ED2KBootstrap.swift */ = {isa = PBXFileReference; lastKnownFileType = sourcecode.swift; path = ED2KBootstrap.swift; sourceTree = "<group>"; };
		1AB3ECA4808B67F71EC830B8 /* ED2KSearch.swift */ = {isa = PBXFileReference; lastKnownFileType = sourcecode.swift; path = ED2KSearch.swift; sourceTree = "<group>"; };
		1518269501B7EA854FC0DCEA /* EngineSettings.swift */ = {isa = PBXFileReference; lastKnownFileType = sourcecode.swift; path = EngineSettings.swift; sourceTree = "<group>"; };
		B04333FF7EEFC805EF3900EA /* EngineStorage.swift */ = {isa = PBXFileReference; lastKnownFileType = sourcecode.swift; path = EngineStorage.swift; sourceTree = "<group>"; };
		EC35ABCB1CAD112C27004C69 /* Formatting.swift */ = {isa = PBXFileReference; lastKnownFileType = sourcecode.swift; path = Formatting.swift; sourceTree = "<group>"; };
		C2F6500A5A99BD2AA287504D /* SystemProxy.swift */ = {isa = PBXFileReference; lastKnownFileType = sourcecode.swift; path = SystemProxy.swift; sourceTree = "<group>"; };
		8C5702EAC90E093CBBBB510A /* TrackerSources.swift */ = {isa = PBXFileReference; lastKnownFileType = sourcecode.swift; path = TrackerSources.swift; sourceTree = "<group>"; };
/* End PBXFileReference section */

/* Begin PBXFileSystemSynchronizedRootGroup section */
		59DBECAF2FCFE0DA005075E1 /* ChopChopTests */ = {
			isa = PBXFileSystemSynchronizedRootGroup;
			path = ChopChopTests;
			sourceTree = "<group>";
		};
		59DBECB92FCFE0DA005075E1 /* ChopChopUITests */ = {
			isa = PBXFileSystemSynchronizedRootGroup;
			path = ChopChopUITests;
			sourceTree = "<group>";
		};
/* End PBXFileSystemSynchronizedRootGroup section */

/* Begin PBXFrameworksBuildPhase section */
		59DBEC9C2FCFE0DA005075E1 /* Frameworks */ = {
			isa = PBXFrameworksBuildPhase;
			buildActionMask = 2147483647;
			files = (
			);
			runOnlyForDeploymentPostprocessing = 0;
		};
		59DBECA92FCFE0DA005075E1 /* Frameworks */ = {
			isa = PBXFrameworksBuildPhase;
			buildActionMask = 2147483647;
			files = (
			);
			runOnlyForDeploymentPostprocessing = 0;
		};
		59DBECB32FCFE0DA005075E1 /* Frameworks */ = {
			isa = PBXFrameworksBuildPhase;
			buildActionMask = 2147483647;
			files = (
			);
			runOnlyForDeploymentPostprocessing = 0;
		};
/* End PBXFrameworksBuildPhase section */

/* Begin PBXGroup section */
		59DBEC962FCFE0DA005075E1 = {
			isa = PBXGroup;
			children = (
				7A1000000000000000000001 /* Release.xcconfig */,
				61C000000000000000000001 /* EngineInstaller */,
				59DBECA12FCFE0DA005075E1 /* ChopChop */,
				60C000000000000000000001 /* Vendor */,
				59DBECAF2FCFE0DA005075E1 /* ChopChopTests */,
				59DBECB92FCFE0DA005075E1 /* ChopChopUITests */,
				59DBECA02FCFE0DA005075E1 /* Products */,
			);
			sourceTree = "<group>";
		};
		59DBECA02FCFE0DA005075E1 /* Products */ = {
			isa = PBXGroup;
			children = (
				61A000000000000000000001 /* EngineInstaller.xpc */,
				59DBEC9F2FCFE0DA005075E1 /* ChopChop.app */,
				59DBECAC2FCFE0DA005075E1 /* ChopChopTests.xctest */,
				59DBECB62FCFE0DA005075E1 /* ChopChopUITests.xctest */,
			);
			name = Products;
			sourceTree = "<group>";
		};
		59DBECA12FCFE0DA005075E1 /* ChopChop */ = {
			isa = PBXGroup;
			children = (
				62A000000000000000000004 /* Localizable.xcstrings */,
                62A000000000000000000005 /* AppShortcuts.xcstrings */,
				62A000000000000000000003 /* NativeControls.swift */,
				62A000000000000000000007 /* TorrentFileSelection.swift */,
				62A000000000000000000008 /* TorrentStorage.swift */,
				62A00000000000000000000A /* TransferDetailsView.swift */,
				62A000000000000000000009 /* TransferDetails.swift */,
				62A00000000000000000000C /* TaskBandwidthView.swift */,
				62A00000000000000000000D /* DownloadArtwork.swift */,
				62A000000000000000000010 /* DownloadListPresentation.swift */,
				08FA1074DF7D4CF1BA6F0C78 /* DownloadTaskRow.swift */,
				62A00000000000000000000F /* CommandSearch.swift */,
				89D6DF6BF01C55B9D4BA354C /* SettingsGeneralPage.swift */,
				2D78462BCB34FB1D35C32657 /* SettingsDownloadsPage.swift */,
				1B7ABB9F6651E7173B672A44 /* SettingsNetworkPage.swift */,
				5EB52D4C6EC638349784D07B /* SettingsBitTorrentPage.swift */,
				70DFCCD191A2D88A14CBDBB9 /* SettingsED2KPage.swift */,
				A535E717D334750D52C58372 /* SettingsIntegrationsPage.swift */,
				BF2DAA41DBE251468A12E017 /* SettingsEnginePage.swift */,
				EB60F50300208130EDB1425E /* SettingsTrackerEditors.swift */,
				9ACA212227CC5DCAFB9A2F52 /* SettingsControls.swift */,
				3EECC66651144655627C2375 /* SettingsSearch.swift */,
				857DA7D02BF9C4668EBF1618 /* DownloadBatchOperations.swift */,
				9A93FAFB0B164A3C9A45B99C /* DownloadFilesTable.swift */,
				FF4701EC39AD6F418C3B40C4 /* TransferTables.swift */,
				3D503D4A641B97055FF4318C /* DownloadRefreshPolicy.swift */,
				A47E6FD0BD9CB800ED2B0EC1 /* DownloadStorePlanning.swift */,
				2CF316FE3A79238BFCBA0D8D /* DownloadStoreTaskOperations.swift */,
				EBAB301B3BDC86719EE8BD7D /* DownloadStoreEngineSync.swift */,
				68196A796BB4580AAD7B58D2 /* WindowVisibility.swift */,
				62A00000000000000000000E /* DownloadAction.swift */,
				62A00000000000000000000B /* TaskDetailsPresentation.swift */,
				62A000000000000000000002 /* AppSupport.swift */,
				D9A3971C5FDB489BB85F1070 /* AppTermination.swift */,
				62A000000000000000000001 /* AppUpdate.swift */,
                63A000000000000000000001 /* AppUpdateRecovery.swift */,
                D8A617A827D1C8561C818C23 /* AppUpdateWindow.swift */,
                63A000000000000000000002 /* ReleaseNotesView.swift */,
                ACB35025290A108E07605E5B /* AppUpdateInstallerRequest.swift */,
                F73985738D92B8BBE3800806 /* AppUpdateInstallation.swift */,
                D5EAEAD975B8ABABA90C2B35 /* AppUpdateTransfer.swift */,
                D8EB8CA38CFBC2E60FEA9FC2 /* AppUpdatePackage.swift */,
                303275FC1DD200876C7BE606 /* AppVersion.swift */,
                7A1000000000000000000002 /* ReleaseConfiguration.swift */,
				60A000000000000000000018 /* EngineRelease.swift */,
				60A000000000000000000019 /* EngineDownload.swift */,
				60A00000000000000000001A /* EngineInstallerProtocol.swift */,
				60A00000000000000000001B /* EngineInstallerRequest.swift */,
				60A000000000000000000016 /* EngineInstallation.swift */,
				60A000000000000000000017 /* EngineSetupView.swift */,
				60A000000000000000000001 /* Aria2NextEngineController.swift */,
				60A000000000000000000002 /* Aria2RPCClient.swift */,
				60A000000000000000000003 /* ChopChopApp.swift */,
				60A000000000000000000004 /* ContentView.swift */,
				60A000000000000000000005 /* DownloadConsoleView.swift */,
				60A00000000000000000001E /* DownloadHistoryStore.swift */,
				60A00000000000000000001F /* EngineTaskSnapshot.swift */,
				60A000000000000000000020 /* DownloadTaskState.swift */,
				60A000000000000000000021 /* DownloadImport.swift */,
				60A000000000000000000023 /* MediaDownload.swift */,
				60A000000000000000000024 /* MediaDownloadView.swift */,
				60A000000000000000000025 /* BrowserCapture.swift */,
				60A000000000000000000031 /* MacIntegration.swift */,
				60A000000000000000000030 /* FileVerification.swift */,
				60A000000000000000000029 /* DownloadRepair.swift */,
				60A000000000000000000028 /* BitTorrentManagement.swift */,
				60A000000000000000000027 /* DownloadPlanning.swift */,
				60A000000000000000000026 /* BrowserExtension */,
				60A000000000000000000022 /* DownloadNotifications.swift */,
				60A00000000000000000001C /* DownloadCommands.swift */,
				60A00000000000000000001D /* AddDownloadView.swift */,
				60A000000000000000000006 /* DownloadStore.swift */,
				60A000000000000000000007 /* LiquidGlassComponents.swift */,
				60A000000000000000000008 /* MenuBarPanel.swift */,
				484EFB6FA794CF1BFA576826 /* AppUpdateStorage.swift */,
				40B5AD100FBD6DD9CB6E1DE8 /* DownloadDraft.swift */,
				950717603D7CBAFFF2D818CD /* DownloadFileRemoval.swift */,
				BDB0B9E0CA026AFBC68DA14A /* DownloadPowerAssertion.swift */,
				1DAEA1F5B8D6162EC40294AF /* DownloadTaskRPCOperations.swift */,
				72E9715BEB92E38EA0C56495 /* ED2KBootstrap.swift */,
				1AB3ECA4808B67F71EC830B8 /* ED2KSearch.swift */,
				1518269501B7EA854FC0DCEA /* EngineSettings.swift */,
				B04333FF7EEFC805EF3900EA /* EngineStorage.swift */,
				EC35ABCB1CAD112C27004C69 /* Formatting.swift */,
				C2F6500A5A99BD2AA287504D /* SystemProxy.swift */,
				8C5702EAC90E093CBBBB510A /* TrackerSources.swift */,
				60A000000000000000000009 /* DownloadModels.swift */,
				60A00000000000000000000A /* PersistentSettingsStore.swift */,
				60A00000000000000000000B /* PreferencesStore.swift */,
				60A00000000000000000000D /* SettingsView.swift */,
				60A00000000000000000000E /* TaskInspectorView.swift */,
				60A00000000000000000000F /* Assets.xcassets */,
				60A000000000000000000014 /* Info.plist */,
			);
			path = ChopChop;
			sourceTree = "<group>";
		};
		60C000000000000000000001 /* Vendor */ = {
			isa = PBXGroup;
			children = (
				60C000000000000000000002 /* Aria2Next */,
			);
			path = Vendor;
			sourceTree = "<group>";
		};
		60C000000000000000000002 /* Aria2Next */ = {
			isa = PBXGroup;
			children = (
				60A000000000000000000012 /* Aria2Next-COPYING.txt */,
				60A000000000000000000013 /* Aria2Next-NOTICE.txt */,
			);
			path = Aria2Next;
			sourceTree = "<group>";
		};

        61C000000000000000000001 /* EngineInstaller */ = {isa = PBXGroup; children = (61A000000000000000000002, 61A000000000000000000003, ); name = EngineInstaller; sourceTree = "<group>"; };

/* End PBXGroup section */

/* Begin PBXNativeTarget section */
		59DBEC9E2FCFE0DA005075E1 /* ChopChop */ = {
			isa = PBXNativeTarget;
			buildConfigurationList = 59DBECC02FCFE0DA005075E1 /* Build configuration list for PBXNativeTarget "ChopChop" */;
			buildPhases = (
				61D000000000000000000001 /* Embed XPC Services */,
				59DBEC9B2FCFE0DA005075E1 /* Sources */,
				59DBEC9C2FCFE0DA005075E1 /* Frameworks */,
				59DBEC9D2FCFE0DA005075E1 /* Resources */,
			);
			buildRules = (
			);
			dependencies = (
				61E000000000000000000002 /* EngineInstaller dependency */,
			);
			name = ChopChop;
			packageProductDependencies = (
			);
			productName = ChopChop;
			productReference = 59DBEC9F2FCFE0DA005075E1 /* ChopChop.app */;
			productType = "com.apple.product-type.application";
		};
		59DBECAB2FCFE0DA005075E1 /* ChopChopTests */ = {
			isa = PBXNativeTarget;
			buildConfigurationList = 59DBECC32FCFE0DA005075E1 /* Build configuration list for PBXNativeTarget "ChopChopTests" */;
			buildPhases = (
				59DBECA82FCFE0DA005075E1 /* Sources */,
				59DBECA92FCFE0DA005075E1 /* Frameworks */,
				59DBECAA2FCFE0DA005075E1 /* Resources */,
			);
			buildRules = (
			);
			dependencies = (
				59DBECAE2FCFE0DA005075E1 /* PBXTargetDependency */,
			);
			fileSystemSynchronizedGroups = (
				59DBECAF2FCFE0DA005075E1 /* ChopChopTests */,
			);
			name = ChopChopTests;
			packageProductDependencies = (
			);
			productName = ChopChopTests;
			productReference = 59DBECAC2FCFE0DA005075E1 /* ChopChopTests.xctest */;
			productType = "com.apple.product-type.bundle.unit-test";
		};
		59DBECB52FCFE0DA005075E1 /* ChopChopUITests */ = {
			isa = PBXNativeTarget;
			buildConfigurationList = 59DBECC62FCFE0DA005075E1 /* Build configuration list for PBXNativeTarget "ChopChopUITests" */;
			buildPhases = (
				59DBECB22FCFE0DA005075E1 /* Sources */,
				59DBECB32FCFE0DA005075E1 /* Frameworks */,
				59DBECB42FCFE0DA005075E1 /* Resources */,
			);
			buildRules = (
			);
			dependencies = (
				59DBECB82FCFE0DA005075E1 /* PBXTargetDependency */,
			);
			fileSystemSynchronizedGroups = (
				59DBECB92FCFE0DA005075E1 /* ChopChopUITests */,
			);
			name = ChopChopUITests;
			packageProductDependencies = (
			);
			productName = ChopChopUITests;
			productReference = 59DBECB62FCFE0DA005075E1 /* ChopChopUITests.xctest */;
			productType = "com.apple.product-type.bundle.ui-testing";
		};

        61F000000000000000000001 /* EngineInstaller */ = {isa = PBXNativeTarget; buildConfigurationList = 61F000000000000000000002; buildPhases = (61D000000000000000000002, 62D000000000000000000001, ); buildRules = (); dependencies = (); name = EngineInstaller; productName = EngineInstaller; productReference = 61A000000000000000000001; productType = "com.apple.product-type.xpc-service"; };

/* End PBXNativeTarget section */

/* Begin PBXProject section */
		59DBEC972FCFE0DA005075E1 /* Project object */ = {
			isa = PBXProject;
			attributes = {
				BuildIndependentTargetsInParallel = 1;
				LastSwiftUpdateCheck = 2700;
				LastUpgradeCheck = 2700;
				TargetAttributes = {
					59DBEC9E2FCFE0DA005075E1 = {
						CreatedOnToolsVersion = 26.5;
					};
					59DBECAB2FCFE0DA005075E1 = {
						CreatedOnToolsVersion = 26.5;
						TestTargetID = 59DBEC9E2FCFE0DA005075E1;
					};
					59DBECB52FCFE0DA005075E1 = {
						CreatedOnToolsVersion = 26.5;
						TestTargetID = 59DBEC9E2FCFE0DA005075E1;
					};
				};
			};
			buildConfigurationList = 59DBEC9A2FCFE0DA005075E1 /* Build configuration list for PBXProject "ChopChop" */;
			developmentRegion = en;
			hasScannedForEncodings = 0;
			knownRegions = (
				"zh-Hans",
				en,
				Base,
			);
			mainGroup = 59DBEC962FCFE0DA005075E1;
			minimizedProjectReferenceProxies = 1;
			preferredProjectObjectVersion = 77;
			productRefGroup = 59DBECA02FCFE0DA005075E1 /* Products */;
			projectDirPath = "";
			projectRoot = "";
			targets = (
				61F000000000000000000001 /* EngineInstaller */,
				59DBEC9E2FCFE0DA005075E1 /* ChopChop */,
				59DBECAB2FCFE0DA005075E1 /* ChopChopTests */,
				59DBECB52FCFE0DA005075E1 /* ChopChopUITests */,
			);
		};
/* End PBXProject section */

/* Begin PBXResourcesBuildPhase section */
		59DBEC9D2FCFE0DA005075E1 /* Resources */ = {
			isa = PBXResourcesBuildPhase;
			buildActionMask = 2147483647;
			files = (
				62B000000000000000000004 /* Localizable.xcstrings in Resources */,
                62B000000000000000000005 /* AppShortcuts.xcstrings in Resources */,
				60B000000000000000000026 /* BrowserExtension in Resources */,
				60B00000000000000000000F /* Assets.xcassets in Resources */,
				60B000000000000000000011 /* Aria2Next-COPYING.txt in Resources */,
				60B000000000000000000012 /* Aria2Next-NOTICE.txt in Resources */,
			);
			runOnlyForDeploymentPostprocessing = 0;
		};
		59DBECAA2FCFE0DA005075E1 /* Resources */ = {
			isa = PBXResourcesBuildPhase;
			buildActionMask = 2147483647;
			files = (
			);
			runOnlyForDeploymentPostprocessing = 0;
		};
		59DBECB42FCFE0DA005075E1 /* Resources */ = {
			isa = PBXResourcesBuildPhase;
			buildActionMask = 2147483647;
			files = (
			);
			runOnlyForDeploymentPostprocessing = 0;
		};
        62D000000000000000000001 /* Installer Resources */ = {isa = PBXResourcesBuildPhase; buildActionMask = 2147483647; files = (62B000000000000000000006, ); runOnlyForDeploymentPostprocessing = 0; };
/* End PBXResourcesBuildPhase section */

/* Begin PBXSourcesBuildPhase section */
		59DBEC9B2FCFE0DA005075E1 /* Sources */ = {
			isa = PBXSourcesBuildPhase;
			buildActionMask = 2147483647;
			files = (
				62B000000000000000000003 /* NativeControls.swift in Sources */,
				62B000000000000000000007 /* TorrentFileSelection.swift in Sources */,
				62B000000000000000000008 /* TorrentStorage.swift in Sources */,
				62B00000000000000000000A /* TransferDetailsView.swift in Sources */,
				62B000000000000000000009 /* TransferDetails.swift in Sources */,
				62B00000000000000000000C /* TaskBandwidthView.swift in Sources */,
				62B00000000000000000000D /* DownloadArtwork.swift in Sources */,
				62B000000000000000000010 /* DownloadListPresentation.swift in Sources */,
				5527F77B43F249B9B31CF8E4 /* DownloadTaskRow.swift in Sources */,
				62B00000000000000000000F /* CommandSearch.swift in Sources */,
				4EA992F4D4F721923FD2606E /* SettingsGeneralPage.swift in Sources */,
				6CCAC4C39BFAC343932013C4 /* SettingsDownloadsPage.swift in Sources */,
				FD30D0BC1507D210E79985FD /* SettingsNetworkPage.swift in Sources */,
				27B750DE893C4588AC62ED3E /* SettingsBitTorrentPage.swift in Sources */,
				EAE1A559FE30E348304DFF49 /* SettingsED2KPage.swift in Sources */,
				D1F5E781D3A8E6F2DA334E86 /* SettingsIntegrationsPage.swift in Sources */,
				172760A8B9385AC8C8585AEF /* SettingsEnginePage.swift in Sources */,
				8F935B7C513893269CFFA0BD /* SettingsTrackerEditors.swift in Sources */,
				7F86A90198316EE9994C3820 /* SettingsControls.swift in Sources */,
				0048CD96A4DE07CCA4072EED /* SettingsSearch.swift in Sources */,
				12049B2E5A1F41A4EB4586C6 /* DownloadBatchOperations.swift in Sources */,
				2A60AD5B9C856CD7D2E9EF54 /* DownloadFilesTable.swift in Sources */,
				67BB3B5D6E4D5FBB55E4F05A /* TransferTables.swift in Sources */,
				0E77091281BC3B3D0C69A11B /* DownloadRefreshPolicy.swift in Sources */,
				D92A6D0B6820C11D573006C8 /* DownloadStorePlanning.swift in Sources */,
				F422CEE44ADA8C39CB2037A5 /* DownloadStoreTaskOperations.swift in Sources */,
				72663A2B0BD941B712C4188B /* DownloadStoreEngineSync.swift in Sources */,
				695CF38777BD466C0952E7DA /* WindowVisibility.swift in Sources */,
				62B00000000000000000000E /* DownloadAction.swift in Sources */,
				62B00000000000000000000B /* TaskDetailsPresentation.swift in Sources */,
				62B000000000000000000002 /* AppSupport.swift in Sources */,
				7876D49725374E5ABA394515 /* AppTermination.swift in Sources */,
				62B000000000000000000001 /* AppUpdate.swift in Sources */,
                63B000000000000000000001 /* AppUpdateRecovery.swift in Sources */,
                2A64A742D2243F91D1B2B04F /* AppUpdateWindow.swift in Sources */,
                63B000000000000000000002 /* ReleaseNotesView.swift in Sources */,
                AC595A69A2E4E7D3BF9AFC36 /* AppUpdateInstallerRequest.swift in Sources */,
                93A9EE4DF0628F74D1FE11CF /* AppUpdateInstallation.swift in Sources */,
                8CB3898C4A60D11937170F1E /* AppUpdateTransfer.swift in Sources */,
                0CBA21600A42CCD454CC6B6B /* AppUpdatePackage.swift in Sources */,
                2C0D36F507C77FA6113413E5 /* AppVersion.swift in Sources */,
                7A1000000000000000000003 /* ReleaseConfiguration.swift in Sources */,
				60B000000000000000000018 /* EngineRelease.swift in Sources */,
				60B000000000000000000019 /* EngineDownload.swift in Sources */,
				60B00000000000000000001A /* EngineInstallerProtocol.swift in Sources */,
				60B00000000000000000001B /* EngineInstallerRequest.swift in Sources */,
				60B000000000000000000016 /* EngineInstallation.swift in Sources */,
				60B000000000000000000017 /* EngineSetupView.swift in Sources */,
				60B000000000000000000001 /* Aria2NextEngineController.swift in Sources */,
				60B000000000000000000002 /* Aria2RPCClient.swift in Sources */,
				60B000000000000000000003 /* ChopChopApp.swift in Sources */,
				60B000000000000000000004 /* ContentView.swift in Sources */,
				60B000000000000000000005 /* DownloadConsoleView.swift in Sources */,
				60B00000000000000000001E /* DownloadHistoryStore.swift in Sources */,
				60B00000000000000000001F /* EngineTaskSnapshot.swift in Sources */,
				60B000000000000000000020 /* DownloadTaskState.swift in Sources */,
				60B000000000000000000021 /* DownloadImport.swift in Sources */,
				60B000000000000000000023 /* MediaDownload.swift in Sources */,
				60B000000000000000000024 /* MediaDownloadView.swift in Sources */,
				60B000000000000000000025 /* BrowserCapture.swift in Sources */,
				60B000000000000000000031 /* MacIntegration.swift in Sources */,
				60B000000000000000000030 /* FileVerification.swift in Sources */,
				60B000000000000000000029 /* DownloadRepair.swift in Sources */,
				60B000000000000000000028 /* BitTorrentManagement.swift in Sources */,
				60B000000000000000000027 /* DownloadPlanning.swift in Sources */,
				60B000000000000000000022 /* DownloadNotifications.swift in Sources */,
				60B00000000000000000001C /* DownloadCommands.swift in Sources */,
				60B00000000000000000001D /* AddDownloadView.swift in Sources */,
				60B000000000000000000006 /* DownloadStore.swift in Sources */,
				60B000000000000000000007 /* LiquidGlassComponents.swift in Sources */,
				60B000000000000000000008 /* MenuBarPanel.swift in Sources */,
				40BFA27246FD3D214420A802 /* AppUpdateStorage.swift in Sources */,
				A175720089E921B385121D07 /* DownloadDraft.swift in Sources */,
				97DE5A780D3460FEFDC353CB /* DownloadFileRemoval.swift in Sources */,
				3774CB1BD49D848FF890BB5A /* DownloadPowerAssertion.swift in Sources */,
				C207F691B8313D54825C5010 /* DownloadTaskRPCOperations.swift in Sources */,
				2B6EEB6CA63DE847BF5496BF /* ED2KBootstrap.swift in Sources */,
				E05D5979B4BFC346E499EE84 /* ED2KSearch.swift in Sources */,
				9F6EF1541ADAF65093DDADA4 /* EngineSettings.swift in Sources */,
				17D6FB1DD35E0B66A265D77F /* EngineStorage.swift in Sources */,
				5374D0F3E4845DD88C29EDFA /* Formatting.swift in Sources */,
				D87ADD8B183BE11642EA6A98 /* SystemProxy.swift in Sources */,
				ED42E71969ED8D6CB29A72B6 /* TrackerSources.swift in Sources */,
				60B000000000000000000009 /* DownloadModels.swift in Sources */,
				60B00000000000000000000A /* PersistentSettingsStore.swift in Sources */,
				60B00000000000000000000B /* PreferencesStore.swift in Sources */,
				60B00000000000000000000D /* SettingsView.swift in Sources */,
				60B00000000000000000000E /* TaskInspectorView.swift in Sources */,
			);
			runOnlyForDeploymentPostprocessing = 0;
		};
		59DBECA82FCFE0DA005075E1 /* Sources */ = {
			isa = PBXSourcesBuildPhase;
			buildActionMask = 2147483647;
			files = (
			);
			runOnlyForDeploymentPostprocessing = 0;
		};
		59DBECB22FCFE0DA005075E1 /* Sources */ = {
			isa = PBXSourcesBuildPhase;
			buildActionMask = 2147483647;
			files = (
			);
			runOnlyForDeploymentPostprocessing = 0;
		};

        61D000000000000000000002 /* Installer Sources */ = {isa = PBXSourcesBuildPhase; buildActionMask = 2147483647; files = (7A1000000000000000000004, 538CF9A2B00BCAB93D7A42DF, DA2A0963BF526E5A60FC7745, 61B000000000000000000002, 4D69CE29799D93126E8D8EE0, 4A7C18EE79E1349B294C78B3, 0D63C8C95F256AEADFB2110C, 1D65E17D1CD0B497B3574C67, 61B000000000000000000018, 61B000000000000000000019, 61B00000000000000000001A, ); runOnlyForDeploymentPostprocessing = 0; };

/* End PBXSourcesBuildPhase section */

/* Begin PBXTargetDependency section */
		59DBECAE2FCFE0DA005075E1 /* PBXTargetDependency */ = {
			isa = PBXTargetDependency;
			target = 59DBEC9E2FCFE0DA005075E1 /* ChopChop */;
			targetProxy = 59DBECAD2FCFE0DA005075E1 /* PBXContainerItemProxy */;
		};
		59DBECB82FCFE0DA005075E1 /* PBXTargetDependency */ = {
			isa = PBXTargetDependency;
			target = 59DBEC9E2FCFE0DA005075E1 /* ChopChop */;
			targetProxy = 59DBECB72FCFE0DA005075E1 /* PBXContainerItemProxy */;
		};

        61E000000000000000000002 = {isa = PBXTargetDependency; target = 61F000000000000000000001; targetProxy = 61E000000000000000000001; };

/* End PBXTargetDependency section */

/* Begin XCBuildConfiguration section */
		59DBECBE2FCFE0DA005075E1 /* Debug */ = {
			isa = XCBuildConfiguration;
			baseConfigurationReference = 7A1000000000000000000001 /* Release.xcconfig */;
			buildSettings = {
				ALWAYS_SEARCH_USER_PATHS = NO;
				ASSETCATALOG_COMPILER_GENERATE_SWIFT_ASSET_SYMBOL_EXTENSIONS = YES;
				CLANG_ANALYZER_NONNULL = YES;
				CLANG_ANALYZER_NUMBER_OBJECT_CONVERSION = YES_AGGRESSIVE;
				CLANG_CXX_LANGUAGE_STANDARD = "gnu++20";
				CLANG_ENABLE_MODULES = YES;
				CLANG_ENABLE_OBJC_ARC = YES;
				CLANG_ENABLE_OBJC_WEAK = YES;
				CLANG_WARN_BLOCK_CAPTURE_AUTORELEASING = YES;
				CLANG_WARN_BOOL_CONVERSION = YES;
				CLANG_WARN_COMMA = YES;
				CLANG_WARN_CONSTANT_CONVERSION = YES;
				CLANG_WARN_DEPRECATED_OBJC_IMPLEMENTATIONS = YES;
				CLANG_WARN_DIRECT_OBJC_ISA_USAGE = YES_ERROR;
				CLANG_WARN_DOCUMENTATION_COMMENTS = YES;
				CLANG_WARN_EMPTY_BODY = YES;
				CLANG_WARN_ENUM_CONVERSION = YES;
				CLANG_WARN_INFINITE_RECURSION = YES;
				CLANG_WARN_INT_CONVERSION = YES;
				CLANG_WARN_NON_LITERAL_NULL_CONVERSION = YES;
				CLANG_WARN_OBJC_IMPLICIT_RETAIN_SELF = YES;
				CLANG_WARN_OBJC_LITERAL_CONVERSION = YES;
				CLANG_WARN_OBJC_ROOT_CLASS = YES_ERROR;
				CLANG_WARN_QUOTED_INCLUDE_IN_FRAMEWORK_HEADER = YES;
				CLANG_WARN_RANGE_LOOP_ANALYSIS = YES;
				CLANG_WARN_STRICT_PROTOTYPES = YES;
				CLANG_WARN_SUSPICIOUS_MOVE = YES;
				CLANG_WARN_UNGUARDED_AVAILABILITY = YES_AGGRESSIVE;
				CLANG_WARN_UNREACHABLE_CODE = YES;
				CLANG_WARN__DUPLICATE_METHOD_MATCH = YES;
				COPY_PHASE_STRIP = NO;
				DEBUG_INFORMATION_FORMAT = dwarf;
				ENABLE_STRICT_OBJC_MSGSEND = YES;
				ENABLE_TESTABILITY = YES;
				ENABLE_USER_SCRIPT_SANDBOXING = YES;
				GCC_C_LANGUAGE_STANDARD = gnu17;
				GCC_DYNAMIC_NO_PIC = NO;
				GCC_NO_COMMON_BLOCKS = YES;
				GCC_OPTIMIZATION_LEVEL = 0;
				GCC_PREPROCESSOR_DEFINITIONS = (
					"DEBUG=1",
					"$(inherited)",
				);
				GCC_WARN_64_TO_32_BIT_CONVERSION = YES;
				GCC_WARN_ABOUT_RETURN_TYPE = YES_ERROR;
				GCC_WARN_UNDECLARED_SELECTOR = YES;
				GCC_WARN_UNINITIALIZED_AUTOS = YES_AGGRESSIVE;
				GCC_WARN_UNUSED_FUNCTION = YES;
				GCC_WARN_UNUSED_VARIABLE = YES;
				LOCALIZATION_PREFERS_STRING_CATALOGS = YES;
				MACOSX_DEPLOYMENT_TARGET = 26.5;
				MTL_ENABLE_DEBUG_INFO = INCLUDE_SOURCE;
				MTL_FAST_MATH = YES;
				ONLY_ACTIVE_ARCH = YES;
				SDKROOT = macosx;
				SWIFT_ACTIVE_COMPILATION_CONDITIONS = "DEBUG $(inherited)";
				SWIFT_OPTIMIZATION_LEVEL = "-Onone";
			};
			name = Debug;
		};
		59DBECBF2FCFE0DA005075E1 /* Release */ = {
			isa = XCBuildConfiguration;
			baseConfigurationReference = 7A1000000000000000000001 /* Release.xcconfig */;
			buildSettings = {
				ALWAYS_SEARCH_USER_PATHS = NO;
				ASSETCATALOG_COMPILER_GENERATE_SWIFT_ASSET_SYMBOL_EXTENSIONS = YES;
				CLANG_ANALYZER_NONNULL = YES;
				CLANG_ANALYZER_NUMBER_OBJECT_CONVERSION = YES_AGGRESSIVE;
				CLANG_CXX_LANGUAGE_STANDARD = "gnu++20";
				CLANG_ENABLE_MODULES = YES;
				CLANG_ENABLE_OBJC_ARC = YES;
				CLANG_ENABLE_OBJC_WEAK = YES;
				CLANG_WARN_BLOCK_CAPTURE_AUTORELEASING = YES;
				CLANG_WARN_BOOL_CONVERSION = YES;
				CLANG_WARN_COMMA = YES;
				CLANG_WARN_CONSTANT_CONVERSION = YES;
				CLANG_WARN_DEPRECATED_OBJC_IMPLEMENTATIONS = YES;
				CLANG_WARN_DIRECT_OBJC_ISA_USAGE = YES_ERROR;
				CLANG_WARN_DOCUMENTATION_COMMENTS = YES;
				CLANG_WARN_EMPTY_BODY = YES;
				CLANG_WARN_ENUM_CONVERSION = YES;
				CLANG_WARN_INFINITE_RECURSION = YES;
				CLANG_WARN_INT_CONVERSION = YES;
				CLANG_WARN_NON_LITERAL_NULL_CONVERSION = YES;
				CLANG_WARN_OBJC_IMPLICIT_RETAIN_SELF = YES;
				CLANG_WARN_OBJC_LITERAL_CONVERSION = YES;
				CLANG_WARN_OBJC_ROOT_CLASS = YES_ERROR;
				CLANG_WARN_QUOTED_INCLUDE_IN_FRAMEWORK_HEADER = YES;
				CLANG_WARN_RANGE_LOOP_ANALYSIS = YES;
				CLANG_WARN_STRICT_PROTOTYPES = YES;
				CLANG_WARN_SUSPICIOUS_MOVE = YES;
				CLANG_WARN_UNGUARDED_AVAILABILITY = YES_AGGRESSIVE;
				CLANG_WARN_UNREACHABLE_CODE = YES;
				CLANG_WARN__DUPLICATE_METHOD_MATCH = YES;
				COPY_PHASE_STRIP = NO;
				DEBUG_INFORMATION_FORMAT = "dwarf-with-dsym";
				ENABLE_NS_ASSERTIONS = NO;
				ENABLE_STRICT_OBJC_MSGSEND = YES;
				ENABLE_USER_SCRIPT_SANDBOXING = YES;
				GCC_C_LANGUAGE_STANDARD = gnu17;
				GCC_NO_COMMON_BLOCKS = YES;
				GCC_WARN_64_TO_32_BIT_CONVERSION = YES;
				GCC_WARN_ABOUT_RETURN_TYPE = YES_ERROR;
				GCC_WARN_UNDECLARED_SELECTOR = YES;
				GCC_WARN_UNINITIALIZED_AUTOS = YES_AGGRESSIVE;
				GCC_WARN_UNUSED_FUNCTION = YES;
				GCC_WARN_UNUSED_VARIABLE = YES;
				LOCALIZATION_PREFERS_STRING_CATALOGS = YES;
				MACOSX_DEPLOYMENT_TARGET = 26.5;
				MTL_ENABLE_DEBUG_INFO = NO;
				MTL_FAST_MATH = YES;
				SDKROOT = macosx;
				SWIFT_COMPILATION_MODE = wholemodule;
			};
			name = Release;
		};
		59DBECC12FCFE0DA005075E1 /* Debug */ = {
			isa = XCBuildConfiguration;
			buildSettings = {
				APP_SHORTCUTS_ENABLE_FLEXIBLE_MATCHING = NO;
				ASSETCATALOG_COMPILER_APPICON_NAME = AppIcon;
				ASSETCATALOG_COMPILER_GLOBAL_ACCENT_COLOR_NAME = AccentColor;
				ARCHS = arm64;
				CODE_SIGN_ENTITLEMENTS = ChopChop/ChopChop.entitlements;
				CODE_SIGN_STYLE = Automatic;
				COMBINE_HIDPI_IMAGES = YES;
				CURRENT_PROJECT_VERSION = 7;
				DEVELOPMENT_TEAM = 8J75L9A3BN;
				ENABLE_APP_SANDBOX = YES;
				ENABLE_HARDENED_RUNTIME = YES;
				ENABLE_PREVIEWS = YES;
				GENERATE_INFOPLIST_FILE = NO;
				INFOPLIST_FILE = ChopChop/Info.plist;
				LD_RUNPATH_SEARCH_PATHS = (
					"$(inherited)",
					"@executable_path/../Frameworks",
				);
				MARKETING_VERSION = 0.0.1;
				PRODUCT_BUNDLE_IDENTIFIER = "$(CHOPCHOP_APP_IDENTIFIER)";
				PRODUCT_NAME = "$(TARGET_NAME)";
				REGISTER_APP_GROUPS = YES;
				STRING_CATALOG_GENERATE_SYMBOLS = NO;
				SWIFT_APPROACHABLE_CONCURRENCY = YES;
				SWIFT_DEFAULT_ACTOR_ISOLATION = MainActor;
				SWIFT_STRICT_CONCURRENCY = complete;
				SWIFT_UPCOMING_FEATURE_MEMBER_IMPORT_VISIBILITY = YES;
				SWIFT_VERSION = 6.0;
				SWIFT_EMIT_LOC_STRINGS = YES;
				CHOPCHOP_RELEASE_VERSION = development;

			};
			name = Debug;
		};
		59DBECC22FCFE0DA005075E1 /* Release */ = {
			isa = XCBuildConfiguration;
			buildSettings = {
				APP_SHORTCUTS_ENABLE_FLEXIBLE_MATCHING = NO;
				ASSETCATALOG_COMPILER_APPICON_NAME = AppIcon;
				ASSETCATALOG_COMPILER_GLOBAL_ACCENT_COLOR_NAME = AccentColor;
				ARCHS = arm64;
				CODE_SIGN_ENTITLEMENTS = ChopChop/ChopChop.entitlements;
				CODE_SIGN_INJECT_BASE_ENTITLEMENTS = NO;
				CODE_SIGN_STYLE = Automatic;
				COMBINE_HIDPI_IMAGES = YES;
				CURRENT_PROJECT_VERSION = 7;
				DEVELOPMENT_TEAM = 8J75L9A3BN;
				ENABLE_APP_SANDBOX = YES;
				ENABLE_HARDENED_RUNTIME = YES;
				ENABLE_PREVIEWS = YES;
				GENERATE_INFOPLIST_FILE = NO;
				INFOPLIST_FILE = ChopChop/Info.plist;
				LD_RUNPATH_SEARCH_PATHS = (
					"$(inherited)",
					"@executable_path/../Frameworks",
				);
				MARKETING_VERSION = 0.0.1;
				PRODUCT_BUNDLE_IDENTIFIER = "$(CHOPCHOP_APP_IDENTIFIER)";
				PRODUCT_NAME = "$(TARGET_NAME)";
				REGISTER_APP_GROUPS = YES;
				STRING_CATALOG_GENERATE_SYMBOLS = NO;
				SWIFT_APPROACHABLE_CONCURRENCY = YES;
				SWIFT_DEFAULT_ACTOR_ISOLATION = MainActor;
				SWIFT_STRICT_CONCURRENCY = complete;
				SWIFT_UPCOMING_FEATURE_MEMBER_IMPORT_VISIBILITY = YES;
				SWIFT_VERSION = 6.0;
				SWIFT_EMIT_LOC_STRINGS = YES;
				CHOPCHOP_RELEASE_VERSION = development;

			};
			name = Release;
		};
		59DBECC42FCFE0DA005075E1 /* Debug */ = {
			isa = XCBuildConfiguration;
			buildSettings = {
				CODE_SIGN_STYLE = Automatic;
				CURRENT_PROJECT_VERSION = 1;
				GENERATE_INFOPLIST_FILE = YES;
				LD_RUNPATH_SEARCH_PATHS = (
					"$(inherited)",
					"@loader_path/../Frameworks",
					"@loader_path/../../../ChopChop.app/Contents/MacOS",
					"@loader_path/../../../ChopChop.app/Contents/Frameworks",
				);
				MACOSX_DEPLOYMENT_TARGET = 26.5;
				MARKETING_VERSION = 1.0;
				BUNDLE_LOADER = "$(TEST_HOST)";
				TEST_HOST = "$(BUILT_PRODUCTS_DIR)/ChopChop.app/Contents/MacOS/ChopChop";
				PRODUCT_BUNDLE_IDENTIFIER = "$(CHOPCHOP_APP_IDENTIFIER)Tests";
				PRODUCT_NAME = "$(TARGET_NAME)";
				STRING_CATALOG_GENERATE_SYMBOLS = NO;
				SWIFT_APPROACHABLE_CONCURRENCY = YES;
				SWIFT_EMIT_LOC_STRINGS = NO;
				SWIFT_STRICT_CONCURRENCY = complete;
				SWIFT_UPCOMING_FEATURE_MEMBER_IMPORT_VISIBILITY = YES;
				SWIFT_VERSION = 6.0;
				SWIFT_EMIT_LOC_STRINGS = YES;
				CHOPCHOP_RELEASE_VERSION = development;

			};
			name = Debug;
		};
		59DBECC52FCFE0DA005075E1 /* Release */ = {
			isa = XCBuildConfiguration;
			buildSettings = {
				CODE_SIGN_STYLE = Automatic;
				CURRENT_PROJECT_VERSION = 1;
				GENERATE_INFOPLIST_FILE = YES;
				LD_RUNPATH_SEARCH_PATHS = (
					"$(inherited)",
					"@loader_path/../Frameworks",
					"@loader_path/../../../ChopChop.app/Contents/MacOS",
					"@loader_path/../../../ChopChop.app/Contents/Frameworks",
				);
				MACOSX_DEPLOYMENT_TARGET = 26.5;
				MARKETING_VERSION = 1.0;
				BUNDLE_LOADER = "$(TEST_HOST)";
				TEST_HOST = "$(BUILT_PRODUCTS_DIR)/ChopChop.app/Contents/MacOS/ChopChop";
				PRODUCT_BUNDLE_IDENTIFIER = "$(CHOPCHOP_APP_IDENTIFIER)Tests";
				PRODUCT_NAME = "$(TARGET_NAME)";
				STRING_CATALOG_GENERATE_SYMBOLS = NO;
				SWIFT_APPROACHABLE_CONCURRENCY = YES;
				SWIFT_EMIT_LOC_STRINGS = NO;
				SWIFT_STRICT_CONCURRENCY = complete;
				SWIFT_UPCOMING_FEATURE_MEMBER_IMPORT_VISIBILITY = YES;
				SWIFT_VERSION = 6.0;
				SWIFT_EMIT_LOC_STRINGS = YES;
				CHOPCHOP_RELEASE_VERSION = development;

			};
			name = Release;
		};
		59DBECC72FCFE0DA005075E1 /* Debug */ = {
			isa = XCBuildConfiguration;
			buildSettings = {
				CODE_SIGN_STYLE = Automatic;
				CURRENT_PROJECT_VERSION = 1;
				GENERATE_INFOPLIST_FILE = YES;
				MARKETING_VERSION = 1.0;
				PRODUCT_BUNDLE_IDENTIFIER = "$(CHOPCHOP_APP_IDENTIFIER)UITests";
				PRODUCT_NAME = "$(TARGET_NAME)";
				STRING_CATALOG_GENERATE_SYMBOLS = NO;
				SWIFT_APPROACHABLE_CONCURRENCY = YES;
				SWIFT_EMIT_LOC_STRINGS = NO;
				SWIFT_STRICT_CONCURRENCY = complete;
				SWIFT_UPCOMING_FEATURE_MEMBER_IMPORT_VISIBILITY = YES;
				SWIFT_VERSION = 6.0;
				SWIFT_EMIT_LOC_STRINGS = YES;
				CHOPCHOP_RELEASE_VERSION = development;

				TEST_TARGET_NAME = ChopChop;
			};
			name = Debug;
		};
		59DBECC82FCFE0DA005075E1 /* Release */ = {
			isa = XCBuildConfiguration;
			buildSettings = {
				CODE_SIGN_STYLE = Automatic;
				CURRENT_PROJECT_VERSION = 1;
				GENERATE_INFOPLIST_FILE = YES;
				MARKETING_VERSION = 1.0;
				PRODUCT_BUNDLE_IDENTIFIER = "$(CHOPCHOP_APP_IDENTIFIER)UITests";
				PRODUCT_NAME = "$(TARGET_NAME)";
				STRING_CATALOG_GENERATE_SYMBOLS = NO;
				SWIFT_APPROACHABLE_CONCURRENCY = YES;
				SWIFT_EMIT_LOC_STRINGS = NO;
				SWIFT_STRICT_CONCURRENCY = complete;
				SWIFT_UPCOMING_FEATURE_MEMBER_IMPORT_VISIBILITY = YES;
				SWIFT_VERSION = 6.0;
				SWIFT_EMIT_LOC_STRINGS = YES;
				CHOPCHOP_RELEASE_VERSION = development;

				TEST_TARGET_NAME = ChopChop;
			};
			name = Release;
		};

        61F000000000000000000003 /* Debug */ = {isa = XCBuildConfiguration; buildSettings = {
            ARCHS = arm64;
            CODE_SIGN_STYLE = Automatic;
            CODE_SIGN_INJECT_BASE_ENTITLEMENTS = NO;
            DEVELOPMENT_TEAM = 8J75L9A3BN;
            ENABLE_APP_SANDBOX = NO;
            ENABLE_HARDENED_RUNTIME = YES;
            GENERATE_INFOPLIST_FILE = NO;
            INFOPLIST_FILE = EngineInstaller/Info.plist;
            LD_RUNPATH_SEARCH_PATHS = ("$(inherited)", "@executable_path/../Frameworks", "@executable_path/../../../../Frameworks", );
            PRODUCT_BUNDLE_IDENTIFIER = "$(CHOPCHOP_APP_IDENTIFIER).EngineInstaller";
            PRODUCT_NAME = "$(TARGET_NAME)";
            SKIP_INSTALL = YES;
            SWIFT_VERSION = 6.0;
				SWIFT_EMIT_LOC_STRINGS = YES;
				CHOPCHOP_RELEASE_VERSION = development;

            SWIFT_STRICT_CONCURRENCY = complete;
        }; name = Debug; };


        61F000000000000000000004 /* Release */ = {isa = XCBuildConfiguration; buildSettings = {
            ARCHS = arm64;
            CODE_SIGN_STYLE = Automatic;
            CODE_SIGN_INJECT_BASE_ENTITLEMENTS = NO;
            DEVELOPMENT_TEAM = 8J75L9A3BN;
            ENABLE_APP_SANDBOX = NO;
            ENABLE_HARDENED_RUNTIME = YES;
            GENERATE_INFOPLIST_FILE = NO;
            INFOPLIST_FILE = EngineInstaller/Info.plist;
            LD_RUNPATH_SEARCH_PATHS = ("$(inherited)", "@executable_path/../Frameworks", "@executable_path/../../../../Frameworks", );
            PRODUCT_BUNDLE_IDENTIFIER = "$(CHOPCHOP_APP_IDENTIFIER).EngineInstaller";
            PRODUCT_NAME = "$(TARGET_NAME)";
            SKIP_INSTALL = YES;
            SWIFT_VERSION = 6.0;
				SWIFT_EMIT_LOC_STRINGS = YES;
				CHOPCHOP_RELEASE_VERSION = development;

            SWIFT_STRICT_CONCURRENCY = complete;
        }; name = Release; };

/* End XCBuildConfiguration section */

/* Begin XCConfigurationList section */
		59DBEC9A2FCFE0DA005075E1 /* Build configuration list for PBXProject "ChopChop" */ = {
			isa = XCConfigurationList;
			buildConfigurations = (
				59DBECBE2FCFE0DA005075E1 /* Debug */,
				59DBECBF2FCFE0DA005075E1 /* Release */,
			);
			defaultConfigurationIsVisible = 0;
			defaultConfigurationName = Release;
		};
		59DBECC02FCFE0DA005075E1 /* Build configuration list for PBXNativeTarget "ChopChop" */ = {
			isa = XCConfigurationList;
			buildConfigurations = (
				59DBECC12FCFE0DA005075E1 /* Debug */,
				59DBECC22FCFE0DA005075E1 /* Release */,
			);
			defaultConfigurationIsVisible = 0;
			defaultConfigurationName = Release;
		};
		59DBECC32FCFE0DA005075E1 /* Build configuration list for PBXNativeTarget "ChopChopTests" */ = {
			isa = XCConfigurationList;
			buildConfigurations = (
				59DBECC42FCFE0DA005075E1 /* Debug */,
				59DBECC52FCFE0DA005075E1 /* Release */,
			);
			defaultConfigurationIsVisible = 0;
			defaultConfigurationName = Release;
		};
		59DBECC62FCFE0DA005075E1 /* Build configuration list for PBXNativeTarget "ChopChopUITests" */ = {
			isa = XCConfigurationList;
			buildConfigurations = (
				59DBECC72FCFE0DA005075E1 /* Debug */,
				59DBECC82FCFE0DA005075E1 /* Release */,
			);
			defaultConfigurationIsVisible = 0;
			defaultConfigurationName = Release;
		};

        61F000000000000000000002 /* EngineInstaller configurations */ = {isa = XCConfigurationList; buildConfigurations = (61F000000000000000000003, 61F000000000000000000004, ); defaultConfigurationIsVisible = 0; defaultConfigurationName = Release; };

/* End XCConfigurationList section */
	};
	rootObject = 59DBEC972FCFE0DA005075E1 /* Project object */;
}
